Microsoft Visual Studio Solution File, Format Version 12.00
# Visual Studio 2012
Project("{FAE04EC0-301F-11D3-BF4B-00C04F79EFBC}") = "Octet Virtual Machine", "Octet Virtual Machine.csproj", "{333867A4-05DA-4C18-BBD3-054108252802}"
EndProject
Global
	GlobalSection(SolutionConfigurationPlatforms) = preSolution
	Debug|Any CPU = Debug|Any CPU
	ExportDebug|Any CPU = ExportDebug|Any CPU
	ExportRelease|Any CPU = ExportRelease|Any CPU
	EndGlobalSection
	GlobalSection(ProjectConfigurationPlatforms) = postSolution
		{333867A4-05DA-4C18-BBD3-054108252802}.Debug|Any CPU.ActiveCfg = Debug|Any CPU
		{333867A4-05DA-4C18-BBD3-054108252802}.Debug|Any CPU.Build.0 = Debug|Any CPU
		{333867A4-05DA-4C18-BBD3-054108252802}.ExportDebug|Any CPU.ActiveCfg = ExportDebug|Any CPU
		{333867A4-05DA-4C18-BBD3-054108252802}.ExportDebug|Any CPU.Build.0 = ExportDebug|Any CPU
		{333867A4-05DA-4C18-BBD3-054108252802}.ExportRelease|Any CPU.ActiveCfg = ExportRelease|Any CPU
		{333867A4-05DA-4C18-BBD3-054108252802}.ExportRelease|Any CPU.Build.0 = ExportRelease|Any CPU
	EndGlobalSection
EndGlobal
